// !$*UTF8*$!
{
	archiveVersion = 1;
	classes = {
	};
	objectVersion = 56;
	objects = {

/* Begin PBXBuildFile section */
		0448E5162A4D491400C3EB20 /* NetworkManager.swift in Sources */ = {isa = PBXBuildFile; fileRef = 0448E5152A4D491400C3EB20 /* NetworkManager.swift */; };
		045FB8EB2A489CB1003BDF2E /* MenuDetailsBaseCell.swift in Sources */ = {isa = PBXBuildFile; fileRef = 045FB8EA2A489CB1003BDF2E /* MenuDetailsBaseCell.swift */; };
		047D154C2A44793500AF4FFF /* AppDelegate.swift in Sources */ = {isa = PBXBuildFile; fileRef = 047D154B2A44793500AF4FFF /* AppDelegate.swift */; };
		047D154E2A44793500AF4FFF /* SceneDelegate.swift in Sources */ = {isa = PBXBuildFile; fileRef = 047D154D2A44793500AF4FFF /* SceneDelegate.swift */; };
		047D15552A44793700AF4FFF /* Assets.xcassets in Resources */ = {isa = PBXBuildFile; fileRef = 047D15542A44793700AF4FFF /* Assets.xcassets */; };
		047D15582A44793700AF4FFF /* LaunchScreen.storyboard in Resources */ = {isa = PBXBuildFile; fileRef = 047D15562A44793700AF4FFF /* LaunchScreen.storyboard */; };
		047D15602A447C9400AF4FFF /* MainTabbarVC.swift in Sources */ = {isa = PBXBuildFile; fileRef = 047D155F2A447C9400AF4FFF /* MainTabbarVC.swift */; };
		047D15642A447D4100AF4FFF /* MainVC.swift in Sources */ = {isa = PBXBuildFile; fileRef = 047D15632A447D4100AF4FFF /* MainVC.swift */; };
		047D156A2A44903C00AF4FFF /* PizzaModel.swift in Sources */ = {isa = PBXBuildFile; fileRef = 047D15692A44903C00AF4FFF /* PizzaModel.swift */; };
		049AFE8A2A4F04B2008BDD1D /* PizzaCell.swift in Sources */ = {isa = PBXBuildFile; fileRef = 049AFE892A4F04B2008BDD1D /* PizzaCell.swift */; };
		049AFE8C2A4F1181008BDD1D /* ZakuskiCell.swift in Sources */ = {isa = PBXBuildFile; fileRef = 049AFE8B2A4F1181008BDD1D /* ZakuskiCell.swift */; };
		049AFE8E2A4F119A008BDD1D /* ComboCell.swift in Sources */ = {isa = PBXBuildFile; fileRef = 049AFE8D2A4F119A008BDD1D /* ComboCell.swift */; };
		049AFE902A4F11B2008BDD1D /* BurgersCell.swift in Sources */ = {isa = PBXBuildFile; fileRef = 049AFE8F2A4F11B2008BDD1D /* BurgersCell.swift */; };
		049AFE922A4F11CC008BDD1D /* HotDogsCell.swift in Sources */ = {isa = PBXBuildFile; fileRef = 049AFE912A4F11CC008BDD1D /* HotDogsCell.swift */; };
		049AFE952A4FFAC8008BDD1D /* SDWebImage in Frameworks */ = {isa = PBXBuildFile; productRef = 049AFE942A4FFAC8008BDD1D /* SDWebImage */; };
		04B506C62A529ED0000C39B6 /* SaleCell.swift in Sources */ = {isa = PBXBuildFile; fileRef = 04B506C52A529ED0000C39B6 /* SaleCell.swift */; };
		04B506C82A529F0B000C39B6 /* MenuItemsCell.swift in Sources */ = {isa = PBXBuildFile; fileRef = 04B506C72A529F0B000C39B6 /* MenuItemsCell.swift */; };
		04B506CA2A529F7C000C39B6 /* ContactsVC.swift in Sources */ = {isa = PBXBuildFile; fileRef = 04B506C92A529F7C000C39B6 /* ContactsVC.swift */; };
		04B506CC2A529F95000C39B6 /* ProfileVC.swift in Sources */ = {isa = PBXBuildFile; fileRef = 04B506CB2A529F95000C39B6 /* ProfileVC.swift */; };
		04B506CE2A529FA9000C39B6 /* BasketVC.swift in Sources */ = {isa = PBXBuildFile; fileRef = 04B506CD2A529FA9000C39B6 /* BasketVC.swift */; };
/* End PBXBuildFile section */

/* Begin PBXFileReference section */
		0448E5152A4D491400C3EB20 /* NetworkManager.swift */ = {isa = PBXFileReference; lastKnownFileType = sourcecode.swift; path = NetworkManager.swift; sourceTree = "<group>"; };
		045FB8EA2A489CB1003BDF2E /* MenuDetailsBaseCell.swift */ = {isa = PBXFileReference; lastKnownFileType = sourcecode.swift; path = MenuDetailsBaseCell.swift; sourceTree = "<group>"; };
		047D15482A44793500AF4FFF /* PizzaApp.app */ = {isa = PBXFileReference; explicitFileType = wrapper.application; includeInIndex = 0; path = PizzaApp.app; sourceTree = BUILT_PRODUCTS_DIR; };
		047D154B2A44793500AF4FFF /* AppDelegate.swift */ = {isa = PBXFileReference; lastKnownFileType = sourcecode.swift; path = AppDelegate.swift; sourceTree = "<group>"; };
		047D154D2A44793500AF4FFF /* SceneDelegate.swift */ = {isa = PBXFileReference; lastKnownFileType = sourcecode.swift; path = SceneDelegate.swift; sourceTree = "<group>"; };
		047D15542A44793700AF4FFF /* Assets.xcassets */ = {isa = PBXFileReference; lastKnownFileType = folder.assetcatalog; path = Assets.xcassets; sourceTree = "<group>"; };
		047D15572A44793700AF4FFF /* Base */ = {isa = PBXFileReference; lastKnownFileType = file.storyboard; name = Base; path = Base.lproj/LaunchScreen.storyboard; sourceTree = "<group>"; };
		047D15592A44793700AF4FFF /* Info.plist */ = {isa = PBXFileReference; lastKnownFileType = text.plist.xml; path = Info.plist; sourceTree = "<group>"; };
		047D155F2A447C9400AF4FFF /* MainTabbarVC.swift */ = {isa = PBXFileReference; lastKnownFileType = sourcecode.swift; path = MainTabbarVC.swift; sourceTree = "<group>"; };
		047D15632A447D4100AF4FFF /* MainVC.swift */ = {isa = PBXFileReference; lastKnownFileType = sourcecode.swift; path = MainVC.swift; sourceTree = "<group>"; };
		047D15692A44903C00AF4FFF /* PizzaModel.swift */ = {isa = PBXFileReference; lastKnownFileType = sourcecode.swift; path = PizzaModel.swift; sourceTree = "<group>"; };
		049AFE892A4F04B2008BDD1D /* PizzaCell.swift */ = {isa = PBXFileReference; lastKnownFileType = sourcecode.swift; path = PizzaCell.swift; sourceTree = "<group>"; };
		049AFE8B2A4F1181008BDD1D /* ZakuskiCell.swift */ = {isa = PBXFileReference; lastKnownFileType = sourcecode.swift; path = ZakuskiCell.swift; sourceTree = "<group>"; };
		049AFE8D2A4F119A008BDD1D /* ComboCell.swift */ = {isa = PBXFileReference; lastKnownFileType = sourcecode.swift; path = ComboCell.swift; sourceTree = "<group>"; };
		049AFE8F2A4F11B2008BDD1D /* BurgersCell.swift */ = {isa = PBXFileReference; lastKnownFileType = sourcecode.swift; path = BurgersCell.swift; sourceTree = "<group>"; };
		049AFE912A4F11CC008BDD1D /* HotDogsCell.swift */ = {isa = PBXFileReference; lastKnownFileType = sourcecode.swift; path = HotDogsCell.swift; sourceTree = "<group>"; };
		04B506C52A529ED0000C39B6 /* SaleCell.swift */ = {isa = PBXFileReference; fileEncoding = 4; lastKnownFileType = sourcecode.swift; path = SaleCell.swift; sourceTree = "<group>"; };
		04B506C72A529F0B000C39B6 /* MenuItemsCell.swift */ = {isa = PBXFileReference; fileEncoding = 4; lastKnownFileType = sourcecode.swift; path = MenuItemsCell.swift; sourceTree = "<group>"; };
		04B506C92A529F7C000C39B6 /* ContactsVC.swift */ = {isa = PBXFileReference; lastKnownFileType = sourcecode.swift; path = ContactsVC.swift; sourceTree = "<group>"; };
		04B506CB2A529F95000C39B6 /* ProfileVC.swift */ = {isa = PBXFileReference; lastKnownFileType = sourcecode.swift; path = ProfileVC.swift; sourceTree = "<group>"; };
		04B506CD2A529FA9000C39B6 /* BasketVC.swift */ = {isa = PBXFileReference; lastKnownFileType = sourcecode.swift; path = BasketVC.swift; sourceTree = "<group>"; };
/* End PBXFileReference section */

/* Begin PBXFrameworksBuildPhase section */
		047D15452A44793500AF4FFF /* Frameworks */ = {
			isa = PBXFrameworksBuildPhase;
			buildActionMask = 2147483647;
			files = (
				049AFE952A4FFAC8008BDD1D /* SDWebImage in Frameworks */,
			);
			runOnlyForDeploymentPostprocessing = 0;
		};
/* End PBXFrameworksBuildPhase section */

/* Begin PBXGroup section */
		0448E5142A4D48FB00C3EB20 /* NetworkManager */ = {
			isa = PBXGroup;
			children = (
				0448E5152A4D491400C3EB20 /* NetworkManager.swift */,
			);
			path = NetworkManager;
			sourceTree = "<group>";
		};
		045FB8D62A46EE2B003BDF2E /* Screens */ = {
			isa = PBXGroup;
			children = (
				047D15632A447D4100AF4FFF /* MainVC.swift */,
				04B506C92A529F7C000C39B6 /* ContactsVC.swift */,
				04B506CB2A529F95000C39B6 /* ProfileVC.swift */,
				04B506CD2A529FA9000C39B6 /* BasketVC.swift */,
				04B506C42A529EC2000C39B6 /* MainVCCells */,
			);
			path = Screens;
			sourceTree = "<group>";
		};
		045FB8D72A46EE4E003BDF2E /* Models */ = {
			isa = PBXGroup;
			children = (
				047D15692A44903C00AF4FFF /* PizzaModel.swift */,
			);
			path = Models;
			sourceTree = "<group>";
		};
		047D153F2A44793400AF4FFF = {
			isa = PBXGroup;
			children = (
				047D154A2A44793500AF4FFF /* PizzaApp */,
				047D15492A44793500AF4FFF /* Products */,
			);
			sourceTree = "<group>";
		};
		047D15492A44793500AF4FFF /* Products */ = {
			isa = PBXGroup;
			children = (
				047D15482A44793500AF4FFF /* PizzaApp.app */,
			);
			name = Products;
			sourceTree = "<group>";
		};
		047D154A2A44793500AF4FFF /* PizzaApp */ = {
			isa = PBXGroup;
			children = (
				04B506CF2A529FFA000C39B6 /* App */,
				045FB8D62A46EE2B003BDF2E /* Screens */,
				0448E5142A4D48FB00C3EB20 /* NetworkManager */,
				045FB8D72A46EE4E003BDF2E /* Models */,
				047D15542A44793700AF4FFF /* Assets.xcassets */,
				047D15562A44793700AF4FFF /* LaunchScreen.storyboard */,
				047D15592A44793700AF4FFF /* Info.plist */,
			);
			path = PizzaApp;
			sourceTree = "<group>";
		};
		049AFE882A4F047D008BDD1D /* MenuDetailsCell */ = {
			isa = PBXGroup;
			children = (
				045FB8EA2A489CB1003BDF2E /* MenuDetailsBaseCell.swift */,
				049AFE892A4F04B2008BDD1D /* PizzaCell.swift */,
				049AFE8D2A4F119A008BDD1D /* ComboCell.swift */,
				049AFE8B2A4F1181008BDD1D /* ZakuskiCell.swift */,
				049AFE8F2A4F11B2008BDD1D /* BurgersCell.swift */,
				049AFE912A4F11CC008BDD1D /* HotDogsCell.swift */,
			);
			path = MenuDetailsCell;
			sourceTree = "<group>";
		};
		04B506C42A529EC2000C39B6 /* MainVCCells */ = {
			isa = PBXGroup;
			children = (
				04B506C52A529ED0000C39B6 /* SaleCell.swift */,
				04B506C72A529F0B000C39B6 /* MenuItemsCell.swift */,
				049AFE882A4F047D008BDD1D /* MenuDetailsCell */,
			);
			path = MainVCCells;
			sourceTree = "<group>";
		};
		04B506CF2A529FFA000C39B6 /* App */ = {
			isa = PBXGroup;
			children = (
				047D154B2A44793500AF4FFF /* AppDelegate.swift */,
				047D154D2A44793500AF4FFF /* SceneDelegate.swift */,
				047D155F2A447C9400AF4FFF /* MainTabbarVC.swift */,
			);
			path = App;
			sourceTree = "<group>";
		};
/* End PBXGroup section */

/* Begin PBXNativeTarget section */
		047D15472A44793500AF4FFF /* PizzaApp */ = {
			isa = PBXNativeTarget;
			buildConfigurationList = 047D155C2A44793700AF4FFF /* Build configuration list for PBXNativeTarget "PizzaApp" */;
			buildPhases = (
				047D15442A44793500AF4FFF /* Sources */,
				047D15452A44793500AF4FFF /* Frameworks */,
				047D15462A44793500AF4FFF /* Resources */,
			);
			buildRules = (
			);
			dependencies = (
			);
			name = PizzaApp;
			packageProductDependencies = (
				049AFE942A4FFAC8008BDD1D /* SDWebImage */,
			);
			productName = PizzaApp;
			productReference = 047D15482A44793500AF4FFF /* PizzaApp.app */;
			productType = "com.apple.product-type.application";
		};
/* End PBXNativeTarget section */

/* Begin PBXProject section */
		047D15402A44793400AF4FFF /* Project object */ = {
			isa = PBXProject;
			attributes = {
				BuildIndependentTargetsInParallel = 1;
				LastSwiftUpdateCheck = 1420;
				LastUpgradeCheck = 1420;
				TargetAttributes = {
					047D15472A44793500AF4FFF = {
						CreatedOnToolsVersion = 14.2;
					};
				};
			};
			buildConfigurationList = 047D15432A44793400AF4FFF /* Build configuration list for PBXProject "PizzaApp" */;
			compatibilityVersion = "Xcode 14.0";
			developmentRegion = en;
			hasScannedForEncodings = 0;
			knownRegions = (
				en,
				Base,
			);
			mainGroup = 047D153F2A44793400AF4FFF;
			packageReferences = (
				049AFE932A4FFAC7008BDD1D /* XCRemoteSwiftPackageReference "SDWebImage" */,
			);
			productRefGroup = 047D15492A44793500AF4FFF /* Products */;
			projectDirPath = "";
			projectRoot = "";
			targets = (
				047D15472A44793500AF4FFF /* PizzaApp */,
			);
		};
/* End PBXProject section */

/* Begin PBXResourcesBuildPhase section */
		047D15462A44793500AF4FFF /* Resources */ = {
			isa = PBXResourcesBuildPhase;
			buildActionMask = 2147483647;
			files = (
				047D15582A44793700AF4FFF /* LaunchScreen.storyboard in Resources */,
				047D15552A44793700AF4FFF /* Assets.xcassets in Resources */,
			);
			runOnlyForDeploymentPostprocessing = 0;
		};
/* End PBXResourcesBuildPhase section */

/* Begin PBXSourcesBuildPhase section */
		047D15442A44793500AF4FFF /* Sources */ = {
			isa = PBXSourcesBuildPhase;
			buildActionMask = 2147483647;
			files = (
				0448E5162A4D491400C3EB20 /* NetworkManager.swift in Sources */,
				04B506C82A529F0B000C39B6 /* MenuItemsCell.swift in Sources */,
				047D15642A447D4100AF4FFF /* MainVC.swift in Sources */,
				049AFE902A4F11B2008BDD1D /* BurgersCell.swift in Sources */,
				04B506CC2A529F95000C39B6 /* ProfileVC.swift in Sources */,
				04B506CE2A529FA9000C39B6 /* BasketVC.swift in Sources */,
				047D154C2A44793500AF4FFF /* AppDelegate.swift in Sources */,
				049AFE8A2A4F04B2008BDD1D /* PizzaCell.swift in Sources */,
				049AFE922A4F11CC008BDD1D /* HotDogsCell.swift in Sources */,
				047D154E2A44793500AF4FFF /* SceneDelegate.swift in Sources */,
				045FB8EB2A489CB1003BDF2E /* MenuDetailsBaseCell.swift in Sources */,
				047D15602A447C9400AF4FFF /* MainTabbarVC.swift in Sources */,
				047D156A2A44903C00AF4FFF /* PizzaModel.swift in Sources */,
				049AFE8E2A4F119A008BDD1D /* ComboCell.swift in Sources */,
				049AFE8C2A4F1181008BDD1D /* ZakuskiCell.swift in Sources */,
				04B506C62A529ED0000C39B6 /* SaleCell.swift in Sources */,
				04B506CA2A529F7C000C39B6 /* ContactsVC.swift in Sources */,
			);
			runOnlyForDeploymentPostprocessing = 0;
		};
/* End PBXSourcesBuildPhase section */

/* Begin PBXVariantGroup section */
		047D15562A44793700AF4FFF /* LaunchScreen.storyboard */ = {
			isa = PBXVariantGroup;
			children = (
				047D15572A44793700AF4FFF /* Base */,
			);
			name = LaunchScreen.storyboard;
			sourceTree = "<group>";
		};
/* End PBXVariantGroup section */

/* Begin XCBuildConfiguration section */
		047D155A2A44793700AF4FFF /* Debug */ = {
			isa = XCBuildConfiguration;
			buildSettings = {
				ALWAYS_SEARCH_USER_PATHS = NO;
				CLANG_ANALYZER_NONNULL = YES;
				CLANG_ANALYZER_NUMBER_OBJECT_CONVERSION = YES_AGGRESSIVE;
				CLANG_CXX_LANGUAGE_STANDARD = "gnu++20";
				CLANG_ENABLE_MODULES = YES;
				CLANG_ENABLE_OBJC_ARC = YES;
				CLANG_ENABLE_OBJC_WEAK = YES;
				CLANG_WARN_BLOCK_CAPTURE_AUTORELEASING = YES;
				CLANG_WARN_BOOL_CONVERSION = YES;
				CLANG_WARN_COMMA = YES;
				CLANG_WARN_CONSTANT_CONVERSION = YES;
				CLANG_WARN_DEPRECATED_OBJC_IMPLEMENTATIONS = YES;
				CLANG_WARN_DIRECT_OBJC_ISA_USAGE = YES_ERROR;
				CLANG_WARN_DOCUMENTATION_COMMENTS = YES;
				CLANG_WARN_EMPTY_BODY = YES;
				CLANG_WARN_ENUM_CONVERSION = YES;
				CLANG_WARN_INFINITE_RECURSION = YES;
				CLANG_WARN_INT_CONVERSION = YES;
				CLANG_WARN_NON_LITERAL_NULL_CONVERSION = YES;
				CLANG_WARN_OBJC_IMPLICIT_RETAIN_SELF = YES;
				CLANG_WARN_OBJC_LITERAL_CONVERSION = YES;
				CLANG_WARN_OBJC_ROOT_CLASS = YES_ERROR;
				CLANG_WARN_QUOTED_INCLUDE_IN_FRAMEWORK_HEADER = YES;
				CLANG_WARN_RANGE_LOOP_ANALYSIS = YES;
				CLANG_WARN_STRICT_PROTOTYPES = YES;
				CLANG_WARN_SUSPICIOUS_MOVE = YES;
				CLANG_WARN_UNGUARDED_AVAILABILITY = YES_AGGRESSIVE;
				CLANG_WARN_UNREACHABLE_CODE = YES;
				CLANG_WARN__DUPLICATE_METHOD_MATCH = YES;
				COPY_PHASE_STRIP = NO;
				DEBUG_INFORMATION_FORMAT = dwarf;
				ENABLE_STRICT_OBJC_MSGSEND = YES;
				ENABLE_TESTABILITY = YES;
				GCC_C_LANGUAGE_STANDARD = gnu11;
				GCC_DYNAMIC_NO_PIC = NO;
				GCC_NO_COMMON_BLOCKS = YES;
				GCC_OPTIMIZATION_LEVEL = 0;
				GCC_PREPROCESSOR_DEFINITIONS = (
					"DEBUG=1",
					"$(inherited)",
				);
				GCC_WARN_64_TO_32_BIT_CONVERSION = YES;
				GCC_WARN_ABOUT_RETURN_TYPE = YES_ERROR;
				GCC_WARN_UNDECLARED_SELECTOR = YES;
				GCC_WARN_UNINITIALIZED_AUTOS = YES_AGGRESSIVE;
				GCC_WARN_UNUSED_FUNCTION = YES;
				GCC_WARN_UNUSED_VARIABLE = YES;
				IPHONEOS_DEPLOYMENT_TARGET = 16.2;
				MTL_ENABLE_DEBUG_INFO = INCLUDE_SOURCE;
				MTL_FAST_MATH = YES;
				ONLY_ACTIVE_ARCH = YES;
				SDKROOT = iphoneos;
				SWIFT_ACTIVE_COMPILATION_CONDITIONS = DEBUG;
				SWIFT_OPTIMIZATION_LEVEL = "-Onone";
			};
			name = Debug;
		};
		047D155B2A44793700AF4FFF /* Release */ = {
			isa = XCBuildConfiguration;
			buildSettings = {
				ALWAYS_SEARCH_USER_PATHS = NO;
				CLANG_ANALYZER_NONNULL = YES;
				CLANG_ANALYZER_NUMBER_OBJECT_CONVERSION = YES_AGGRESSIVE;
				CLANG_CXX_LANGUAGE_STANDARD = "gnu++20";
				CLANG_ENABLE_MODULES = YES;
				CLANG_ENABLE_OBJC_ARC = YES;
				CLANG_ENABLE_OBJC_WEAK = YES;
				CLANG_WARN_BLOCK_CAPTURE_AUTORELEASING = YES;
				CLANG_WARN_BOOL_CONVERSION = YES;
				CLANG_WARN_COMMA = YES;
				CLANG_WARN_CONSTANT_CONVERSION = YES;
				CLANG_WARN_DEPRECATED_OBJC_IMPLEMENTATIONS = YES;
				CLANG_WARN_DIRECT_OBJC_ISA_USAGE = YES_ERROR;
				CLANG_WARN_DOCUMENTATION_COMMENTS = YES;
				CLANG_WARN_EMPTY_BODY = YES;
				CLANG_WARN_ENUM_CONVERSION = YES;
				CLANG_WARN_INFINITE_RECURSION = YES;
				CLANG_WARN_INT_CONVERSION = YES;
				CLANG_WARN_NON_LITERAL_NULL_CONVERSION = YES;
				CLANG_WARN_OBJC_IMPLICIT_RETAIN_SELF = YES;
				CLANG_WARN_OBJC_LITERAL_CONVERSION = YES;
				CLANG_WARN_OBJC_ROOT_CLASS = YES_ERROR;
				CLANG_WARN_QUOTED_INCLUDE_IN_FRAMEWORK_HEADER = YES;
				CLANG_WARN_RANGE_LOOP_ANALYSIS = YES;
				CLANG_WARN_STRICT_PROTOTYPES = YES;
				CLANG_WARN_SUSPICIOUS_MOVE = YES;
				CLANG_WARN_UNGUARDED_AVAILABILITY = YES_AGGRESSIVE;
				CLANG_WARN_UNREACHABLE_CODE = YES;
				CLANG_WARN__DUPLICATE_METHOD_MATCH = YES;
				COPY_PHASE_STRIP = NO;
				DEBUG_INFORMATION_FORMAT = "dwarf-with-dsym";
				ENABLE_NS_ASSERTIONS = NO;
				ENABLE_STRICT_OBJC_MSGSEND = YES;
				GCC_C_LANGUAGE_STANDARD = gnu11;
				GCC_NO_COMMON_BLOCKS = YES;
				GCC_WARN_64_TO_32_BIT_CONVERSION = YES;
				GCC_WARN_ABOUT_RETURN_TYPE = YES_ERROR;
				GCC_WARN_UNDECLARED_SELECTOR = YES;
				GCC_WARN_UNINITIALIZED_AUTOS = YES_AGGRESSIVE;
				GCC_WARN_UNUSED_FUNCTION = YES;
				GCC_WARN_UNUSED_VARIABLE = YES;
				IPHONEOS_DEPLOYMENT_TARGET = 16.2;
				MTL_ENABLE_DEBUG_INFO = NO;
				MTL_FAST_MATH = YES;
				SDKROOT = iphoneos;
				SWIFT_COMPILATION_MODE = wholemodule;
				SWIFT_OPTIMIZATION_LEVEL = "-O";
				VALIDATE_PRODUCT = YES;
			};
			name = Release;
		};
		047D155D2A44793700AF4FFF /* Debug */ = {
			isa = XCBuildConfiguration;
			buildSettings = {
				ASSETCATALOG_COMPILER_APPICON_NAME = AppIcon;
				ASSETCATALOG_COMPILER_GLOBAL_ACCENT_COLOR_NAME = AccentColor;
				CODE_SIGN_STYLE = Automatic;
				CURRENT_PROJECT_VERSION = 1;
				DEVELOPMENT_TEAM = HD5QFP6NH3;
				GENERATE_INFOPLIST_FILE = YES;
				INFOPLIST_FILE = PizzaApp/Info.plist;
				INFOPLIST_KEY_UIApplicationSupportsIndirectInputEvents = YES;
				INFOPLIST_KEY_UILaunchStoryboardName = LaunchScreen;
				INFOPLIST_KEY_UISupportedInterfaceOrientations_iPad = "UIInterfaceOrientationPortrait UIInterfaceOrientationPortraitUpsideDown UIInterfaceOrientationLandscapeLeft UIInterfaceOrientationLandscapeRight";
				INFOPLIST_KEY_UISupportedInterfaceOrientations_iPhone = "UIInterfaceOrientationPortrait UIInterfaceOrientationLandscapeLeft UIInterfaceOrientationLandscapeRight";
				IPHONEOS_DEPLOYMENT_TARGET = 14.0;
				LD_RUNPATH_SEARCH_PATHS = (
					"$(inherited)",
					"@executable_path/Frameworks",
				);
				MARKETING_VERSION = 1.0;
				PRODUCT_BUNDLE_IDENTIFIER = abdusalom.PizzaApp;
				PRODUCT_NAME = "$(TARGET_NAME)";
				SUPPORTED_PLATFORMS = "iphoneos iphonesimulator";
				SUPPORTS_MACCATALYST = NO;
				SUPPORTS_MAC_DESIGNED_FOR_IPHONE_IPAD = NO;
				SWIFT_EMIT_LOC_STRINGS = YES;
				SWIFT_VERSION = 5.0;
				TARGETED_DEVICE_FAMILY = "1,2";
			};
			name = Debug;
		};
		047D155E2A44793700AF4FFF /* Release */ = {
			isa = XCBuildConfiguration;
			buildSettings = {
				ASSETCATALOG_COMPILER_APPICON_NAME = AppIcon;
				ASSETCATALOG_COMPILER_GLOBAL_ACCENT_COLOR_NAME = AccentColor;
				CODE_SIGN_STYLE = Automatic;
				CURRENT_PROJECT_VERSION = 1;
				DEVELOPMENT_TEAM = HD5QFP6NH3;
				GENERATE_INFOPLIST_FILE = YES;
				INFOPLIST_FILE = PizzaApp/Info.plist;
				INFOPLIST_KEY_UIApplicationSupportsIndirectInputEvents = YES;
				INFOPLIST_KEY_UILaunchStoryboardName = LaunchScreen;
				INFOPLIST_KEY_UISupportedInterfaceOrientations_iPad = "UIInterfaceOrientationPortrait UIInterfaceOrientationPortraitUpsideDown UIInterfaceOrientationLandscapeLeft UIInterfaceOrientationLandscapeRight";
				INFOPLIST_KEY_UISupportedInterfaceOrientations_iPhone = "UIInterfaceOrientationPortrait UIInterfaceOrientationLandscapeLeft UIInterfaceOrientationLandscapeRight";
				IPHONEOS_DEPLOYMENT_TARGET = 14.0;
				LD_RUNPATH_SEARCH_PATHS = (
					"$(inherited)",
					"@executable_path/Frameworks",
				);
				MARKETING_VERSION = 1.0;
				PRODUCT_BUNDLE_IDENTIFIER = abdusalom.PizzaApp;
				PRODUCT_NAME = "$(TARGET_NAME)";
				SUPPORTED_PLATFORMS = "iphoneos iphonesimulator";
				SUPPORTS_MACCATALYST = NO;
				SUPPORTS_MAC_DESIGNED_FOR_IPHONE_IPAD = NO;
				SWIFT_EMIT_LOC_STRINGS = YES;
				SWIFT_VERSION = 5.0;
				TARGETED_DEVICE_FAMILY = "1,2";
			};
			name = Release;
		};
/* End XCBuildConfiguration section */

/* Begin XCConfigurationList section */
		047D15432A44793400AF4FFF /* Build configuration list for PBXProject "PizzaApp" */ = {
			isa = XCConfigurationList;
			buildConfigurations = (
				047D155A2A44793700AF4FFF /* Debug */,
				047D155B2A44793700AF4FFF /* Release */,
			);
			defaultConfigurationIsVisible = 0;
			defaultConfigurationName = Release;
		};
		047D155C2A44793700AF4FFF /* Build configuration list for PBXNativeTarget "PizzaApp" */ = {
			isa = XCConfigurationList;
			buildConfigurations = (
				047D155D2A44793700AF4FFF /* Debug */,
				047D155E2A44793700AF4FFF /* Release */,
			);
			defaultConfigurationIsVisible = 0;
			defaultConfigurationName = Release;
		};
/* End XCConfigurationList section */

/* Begin XCRemoteSwiftPackageReference section */
		049AFE932A4FFAC7008BDD1D /* XCRemoteSwiftPackageReference "SDWebImage" */ = {
			isa = XCRemoteSwiftPackageReference;
			repositoryURL = "https://github.com/SDWebImage/SDWebImage.git";
			requirement = {
				branch = master;
				kind = branch;
			};
		};
/* End XCRemoteSwiftPackageReference section */

/* Begin XCSwiftPackageProductDependency section */
		049AFE942A4FFAC8008BDD1D /* SDWebImage */ = {
			isa = XCSwiftPackageProductDependency;
			package = 049AFE932A4FFAC7008BDD1D /* XCRemoteSwiftPackageReference "SDWebImage" */;
			productName = SDWebImage;
		};
/* End XCSwiftPackageProductDependency section */
	};
	rootObject = 047D15402A44793400AF4FFF /* Project object */;
}
