// !$*UTF8*$!
{
	archiveVersion = 1;
	classes = {
	};
	objectVersion = 56;
	objects = {

/* Begin PBXBuildFile section */
		045FB8D52A456D9A003BDF2E /* MenuCell.swift in Sources */ = {isa = PBXBuildFile; fileRef = 045FB8D42A456D99003BDF2E /* MenuCell.swift */; };
		045FB8DE2A480381003BDF2E /* PizzaVC.swift in Sources */ = {isa = PBXBuildFile; fileRef = 045FB8DD2A480381003BDF2E /* PizzaVC.swift */; };
		045FB8E02A4803A7003BDF2E /* ComboVC.swift in Sources */ = {isa = PBXBuildFile; fileRef = 045FB8DF2A4803A7003BDF2E /* ComboVC.swift */; };
		045FB8E22A4803C0003BDF2E /* DesertsVC.swift in Sources */ = {isa = PBXBuildFile; fileRef = 045FB8E12A4803C0003BDF2E /* DesertsVC.swift */; };
		045FB8E42A4803CF003BDF2E /* JuicesVC.swift in Sources */ = {isa = PBXBuildFile; fileRef = 045FB8E32A4803CF003BDF2E /* JuicesVC.swift */; };
		045FB8EB2A489CB1003BDF2E /* MenuDetailsCell.swift in Sources */ = {isa = PBXBuildFile; fileRef = 045FB8EA2A489CB1003BDF2E /* MenuDetailsCell.swift */; };
		045FB8EF2A498A51003BDF2E /* MenuItemsCell.swift in Sources */ = {isa = PBXBuildFile; fileRef = 045FB8EE2A498A51003BDF2E /* MenuItemsCell.swift */; };
		047D154C2A44793500AF4FFF /* AppDelegate.swift in Sources */ = {isa = PBXBuildFile; fileRef = 047D154B2A44793500AF4FFF /* AppDelegate.swift */; };
		047D154E2A44793500AF4FFF /* SceneDelegate.swift in Sources */ = {isa = PBXBuildFile; fileRef = 047D154D2A44793500AF4FFF /* SceneDelegate.swift */; };
		047D15502A44793500AF4FFF /* MainVC.swift in Sources */ = {isa = PBXBuildFile; fileRef = 047D154F2A44793500AF4FFF /* MainVC.swift */; };
		047D15552A44793700AF4FFF /* Assets.xcassets in Resources */ = {isa = PBXBuildFile; fileRef = 047D15542A44793700AF4FFF /* Assets.xcassets */; };
		047D15582A44793700AF4FFF /* LaunchScreen.storyboard in Resources */ = {isa = PBXBuildFile; fileRef = 047D15562A44793700AF4FFF /* LaunchScreen.storyboard */; };
		047D15602A447C9400AF4FFF /* MainTabbarVC.swift in Sources */ = {isa = PBXBuildFile; fileRef = 047D155F2A447C9400AF4FFF /* MainTabbarVC.swift */; };
		047D15622A447D2D00AF4FFF /* ContactsVC.swift in Sources */ = {isa = PBXBuildFile; fileRef = 047D15612A447D2D00AF4FFF /* ContactsVC.swift */; };
		047D15642A447D4100AF4FFF /* ProfileVC.swift in Sources */ = {isa = PBXBuildFile; fileRef = 047D15632A447D4100AF4FFF /* ProfileVC.swift */; };
		047D15662A447D5F00AF4FFF /* BasketVC.swift in Sources */ = {isa = PBXBuildFile; fileRef = 047D15652A447D5F00AF4FFF /* BasketVC.swift */; };
		047D15682A44850F00AF4FFF /* PizzaCell.swift in Sources */ = {isa = PBXBuildFile; fileRef = 047D15672A44850F00AF4FFF /* PizzaCell.swift */; };
		047D156A2A44903C00AF4FFF /* PizzaModel.swift in Sources */ = {isa = PBXBuildFile; fileRef = 047D15692A44903C00AF4FFF /* PizzaModel.swift */; };
		047D156C2A453E6300AF4FFF /* SaleCell.swift in Sources */ = {isa = PBXBuildFile; fileRef = 047D156B2A453E6300AF4FFF /* SaleCell.swift */; };
/* End PBXBuildFile section */

/* Begin PBXFileReference section */
		045FB8D42A456D99003BDF2E /* MenuCell.swift */ = {isa = PBXFileReference; lastKnownFileType = sourcecode.swift; path = MenuCell.swift; sourceTree = "<group>"; };
		045FB8DD2A480381003BDF2E /* PizzaVC.swift */ = {isa = PBXFileReference; lastKnownFileType = sourcecode.swift; path = PizzaVC.swift; sourceTree = "<group>"; };
		045FB8DF2A4803A7003BDF2E /* ComboVC.swift */ = {isa = PBXFileReference; lastKnownFileType = sourcecode.swift; path = ComboVC.swift; sourceTree = "<group>"; };
		045FB8E12A4803C0003BDF2E /* DesertsVC.swift */ = {isa = PBXFileReference; lastKnownFileType = sourcecode.swift; path = DesertsVC.swift; sourceTree = "<group>"; };
		045FB8E32A4803CF003BDF2E /* JuicesVC.swift */ = {isa = PBXFileReference; lastKnownFileType = sourcecode.swift; path = JuicesVC.swift; sourceTree = "<group>"; };
		045FB8EA2A489CB1003BDF2E /* MenuDetailsCell.swift */ = {isa = PBXFileReference; lastKnownFileType = sourcecode.swift; path = MenuDetailsCell.swift; sourceTree = "<group>"; };
		045FB8EE2A498A51003BDF2E /* MenuItemsCell.swift */ = {isa = PBXFileReference; lastKnownFileType = sourcecode.swift; path = MenuItemsCell.swift; sourceTree = "<group>"; };
		047D15482A44793500AF4FFF /* PizzaApp.app */ = {isa = PBXFileReference; explicitFileType = wrapper.application; includeInIndex = 0; path = PizzaApp.app; sourceTree = BUILT_PRODUCTS_DIR; };
		047D154B2A44793500AF4FFF /* AppDelegate.swift */ = {isa = PBXFileReference; lastKnownFileType = sourcecode.swift; path = AppDelegate.swift; sourceTree = "<group>"; };
		047D154D2A44793500AF4FFF /* SceneDelegate.swift */ = {isa = PBXFileReference; lastKnownFileType = sourcecode.swift; path = SceneDelegate.swift; sourceTree = "<group>"; };
		047D154F2A44793500AF4FFF /* MainVC.swift */ = {isa = PBXFileReference; lastKnownFileType = sourcecode.swift; path = MainVC.swift; sourceTree = "<group>"; };
		047D15542A44793700AF4FFF /* Assets.xcassets */ = {isa = PBXFileReference; lastKnownFileType = folder.assetcatalog; path = Assets.xcassets; sourceTree = "<group>"; };
		047D15572A44793700AF4FFF /* Base */ = {isa = PBXFileReference; lastKnownFileType = file.storyboard; name = Base; path = Base.lproj/LaunchScreen.storyboard; sourceTree = "<group>"; };
		047D15592A44793700AF4FFF /* Info.plist */ = {isa = PBXFileReference; lastKnownFileType = text.plist.xml; path = Info.plist; sourceTree = "<group>"; };
		047D155F2A447C9400AF4FFF /* MainTabbarVC.swift */ = {isa = PBXFileReference; lastKnownFileType = sourcecode.swift; path = MainTabbarVC.swift; sourceTree = "<group>"; };
		047D15612A447D2D00AF4FFF /* ContactsVC.swift */ = {isa = PBXFileReference; lastKnownFileType = sourcecode.swift; path = ContactsVC.swift; sourceTree = "<group>"; };
		047D15632A447D4100AF4FFF /* ProfileVC.swift */ = {isa = PBXFileReference; lastKnownFileType = sourcecode.swift; path = ProfileVC.swift; sourceTree = "<group>"; };
		047D15652A447D5F00AF4FFF /* BasketVC.swift */ = {isa = PBXFileReference; lastKnownFileType = sourcecode.swift; path = BasketVC.swift; sourceTree = "<group>"; };
		047D15672A44850F00AF4FFF /* PizzaCell.swift */ = {isa = PBXFileReference; lastKnownFileType = sourcecode.swift; path = PizzaCell.swift; sourceTree = "<group>"; };
		047D15692A44903C00AF4FFF /* PizzaModel.swift */ = {isa = PBXFileReference; lastKnownFileType = sourcecode.swift; path = PizzaModel.swift; sourceTree = "<group>"; };
		047D156B2A453E6300AF4FFF /* SaleCell.swift */ = {isa = PBXFileReference; lastKnownFileType = sourcecode.swift; path = SaleCell.swift; sourceTree = "<group>"; };
/* End PBXFileReference section */

/* Begin PBXFrameworksBuildPhase section */
		047D15452A44793500AF4FFF /* Frameworks */ = {
			isa = PBXFrameworksBuildPhase;
			buildActionMask = 2147483647;
			files = (
			);
			runOnlyForDeploymentPostprocessing = 0;
		};
/* End PBXFrameworksBuildPhase section */

/* Begin PBXGroup section */
		045FB8D62A46EE2B003BDF2E /* Screens */ = {
			isa = PBXGroup;
			children = (
				047D15632A447D4100AF4FFF /* ProfileVC.swift */,
				045FB8DC2A480361003BDF2E /* MenuScreens */,
			);
			path = Screens;
			sourceTree = "<group>";
		};
		045FB8D72A46EE4E003BDF2E /* Models */ = {
			isa = PBXGroup;
			children = (
				047D15692A44903C00AF4FFF /* PizzaModel.swift */,
			);
			path = Models;
			sourceTree = "<group>";
		};
		045FB8DC2A480361003BDF2E /* MenuScreens */ = {
			isa = PBXGroup;
			children = (
				045FB8EC2A4982AB003BDF2E /* noneed */,
			);
			path = MenuScreens;
			sourceTree = "<group>";
		};
		045FB8EC2A4982AB003BDF2E /* noneed */ = {
			isa = PBXGroup;
			children = (
				047D15612A447D2D00AF4FFF /* ContactsVC.swift */,
				045FB8DF2A4803A7003BDF2E /* ComboVC.swift */,
				047D154F2A44793500AF4FFF /* MainVC.swift */,
				045FB8E32A4803CF003BDF2E /* JuicesVC.swift */,
				045FB8E12A4803C0003BDF2E /* DesertsVC.swift */,
				045FB8DD2A480381003BDF2E /* PizzaVC.swift */,
				047D15652A447D5F00AF4FFF /* BasketVC.swift */,
			);
			path = noneed;
			sourceTree = "<group>";
		};
		045FB8ED2A4982FC003BDF2E /* Cells */ = {
			isa = PBXGroup;
			children = (
				047D15672A44850F00AF4FFF /* PizzaCell.swift */,
				047D156B2A453E6300AF4FFF /* SaleCell.swift */,
				045FB8D42A456D99003BDF2E /* MenuCell.swift */,
				045FB8EA2A489CB1003BDF2E /* MenuDetailsCell.swift */,
				045FB8EE2A498A51003BDF2E /* MenuItemsCell.swift */,
			);
			path = Cells;
			sourceTree = "<group>";
		};
		047D153F2A44793400AF4FFF = {
			isa = PBXGroup;
			children = (
				047D154A2A44793500AF4FFF /* PizzaApp */,
				047D15492A44793500AF4FFF /* Products */,
			);
			sourceTree = "<group>";
		};
		047D15492A44793500AF4FFF /* Products */ = {
			isa = PBXGroup;
			children = (
				047D15482A44793500AF4FFF /* PizzaApp.app */,
			);
			name = Products;
			sourceTree = "<group>";
		};
		047D154A2A44793500AF4FFF /* PizzaApp */ = {
			isa = PBXGroup;
			children = (
				045FB8D72A46EE4E003BDF2E /* Models */,
				045FB8D62A46EE2B003BDF2E /* Screens */,
				045FB8ED2A4982FC003BDF2E /* Cells */,
				047D154B2A44793500AF4FFF /* AppDelegate.swift */,
				047D154D2A44793500AF4FFF /* SceneDelegate.swift */,
				047D155F2A447C9400AF4FFF /* MainTabbarVC.swift */,
				047D15542A44793700AF4FFF /* Assets.xcassets */,
				047D15562A44793700AF4FFF /* LaunchScreen.storyboard */,
				047D15592A44793700AF4FFF /* Info.plist */,
			);
			path = PizzaApp;
			sourceTree = "<group>";
		};
/* End PBXGroup section */

/* Begin PBXNativeTarget section */
		047D15472A44793500AF4FFF /* PizzaApp */ = {
			isa = PBXNativeTarget;
			buildConfigurationList = 047D155C2A44793700AF4FFF /* Build configuration list for PBXNativeTarget "PizzaApp" */;
			buildPhases = (
				047D15442A44793500AF4FFF /* Sources */,
				047D15452A44793500AF4FFF /* Frameworks */,
				047D15462A44793500AF4FFF /* Resources */,
			);
			buildRules = (
			);
			dependencies = (
			);
			name = PizzaApp;
			productName = PizzaApp;
			productReference = 047D15482A44793500AF4FFF /* PizzaApp.app */;
			productType = "com.apple.product-type.application";
		};
/* End PBXNativeTarget section */

/* Begin PBXProject section */
		047D15402A44793400AF4FFF /* Project object */ = {
			isa = PBXProject;
			attributes = {
				BuildIndependentTargetsInParallel = 1;
				LastSwiftUpdateCheck = 1420;
				LastUpgradeCheck = 1420;
				TargetAttributes = {
					047D15472A44793500AF4FFF = {
						CreatedOnToolsVersion = 14.2;
					};
				};
			};
			buildConfigurationList = 047D15432A44793400AF4FFF /* Build configuration list for PBXProject "PizzaApp" */;
			compatibilityVersion = "Xcode 14.0";
			developmentRegion = en;
			hasScannedForEncodings = 0;
			knownRegions = (
				en,
				Base,
			);
			mainGroup = 047D153F2A44793400AF4FFF;
			productRefGroup = 047D15492A44793500AF4FFF /* Products */;
			projectDirPath = "";
			projectRoot = "";
			targets = (
				047D15472A44793500AF4FFF /* PizzaApp */,
			);
		};
/* End PBXProject section */

/* Begin PBXResourcesBuildPhase section */
		047D15462A44793500AF4FFF /* Resources */ = {
			isa = PBXResourcesBuildPhase;
			buildActionMask = 2147483647;
			files = (
				047D15582A44793700AF4FFF /* LaunchScreen.storyboard in Resources */,
				047D15552A44793700AF4FFF /* Assets.xcassets in Resources */,
			);
			runOnlyForDeploymentPostprocessing = 0;
		};
/* End PBXResourcesBuildPhase section */

/* Begin PBXSourcesBuildPhase section */
		047D15442A44793500AF4FFF /* Sources */ = {
			isa = PBXSourcesBuildPhase;
			buildActionMask = 2147483647;
			files = (
				047D15642A447D4100AF4FFF /* ProfileVC.swift in Sources */,
				047D15502A44793500AF4FFF /* MainVC.swift in Sources */,
				045FB8DE2A480381003BDF2E /* PizzaVC.swift in Sources */,
				047D154C2A44793500AF4FFF /* AppDelegate.swift in Sources */,
				047D154E2A44793500AF4FFF /* SceneDelegate.swift in Sources */,
				045FB8EB2A489CB1003BDF2E /* MenuDetailsCell.swift in Sources */,
				047D15602A447C9400AF4FFF /* MainTabbarVC.swift in Sources */,
				047D156A2A44903C00AF4FFF /* PizzaModel.swift in Sources */,
				047D15662A447D5F00AF4FFF /* BasketVC.swift in Sources */,
				045FB8E42A4803CF003BDF2E /* JuicesVC.swift in Sources */,
				045FB8EF2A498A51003BDF2E /* MenuItemsCell.swift in Sources */,
				045FB8D52A456D9A003BDF2E /* MenuCell.swift in Sources */,
				045FB8E02A4803A7003BDF2E /* ComboVC.swift in Sources */,
				047D15682A44850F00AF4FFF /* PizzaCell.swift in Sources */,
				045FB8E22A4803C0003BDF2E /* DesertsVC.swift in Sources */,
				047D156C2A453E6300AF4FFF /* SaleCell.swift in Sources */,
				047D15622A447D2D00AF4FFF /* ContactsVC.swift in Sources */,
			);
			runOnlyForDeploymentPostprocessing = 0;
		};
/* End PBXSourcesBuildPhase section */

/* Begin PBXVariantGroup section */
		047D15562A44793700AF4FFF /* LaunchScreen.storyboard */ = {
			isa = PBXVariantGroup;
			children = (
				047D15572A44793700AF4FFF /* Base */,
			);
			name = LaunchScreen.storyboard;
			sourceTree = "<group>";
		};
/* End PBXVariantGroup section */

/* Begin XCBuildConfiguration section */
		047D155A2A44793700AF4FFF /* Debug */ = {
			isa = XCBuildConfiguration;
			buildSettings = {
				ALWAYS_SEARCH_USER_PATHS = NO;
				CLANG_ANALYZER_NONNULL = YES;
				CLANG_ANALYZER_NUMBER_OBJECT_CONVERSION = YES_AGGRESSIVE;
				CLANG_CXX_LANGUAGE_STANDARD = "gnu++20";
				CLANG_ENABLE_MODULES = YES;
				CLANG_ENABLE_OBJC_ARC = YES;
				CLANG_ENABLE_OBJC_WEAK = YES;
				CLANG_WARN_BLOCK_CAPTURE_AUTORELEASING = YES;
				CLANG_WARN_BOOL_CONVERSION = YES;
				CLANG_WARN_COMMA = YES;
				CLANG_WARN_CONSTANT_CONVERSION = YES;
				CLANG_WARN_DEPRECATED_OBJC_IMPLEMENTATIONS = YES;
				CLANG_WARN_DIRECT_OBJC_ISA_USAGE = YES_ERROR;
				CLANG_WARN_DOCUMENTATION_COMMENTS = YES;
				CLANG_WARN_EMPTY_BODY = YES;
				CLANG_WARN_ENUM_CONVERSION = YES;
				CLANG_WARN_INFINITE_RECURSION = YES;
				CLANG_WARN_INT_CONVERSION = YES;
				CLANG_WARN_NON_LITERAL_NULL_CONVERSION = YES;
				CLANG_WARN_OBJC_IMPLICIT_RETAIN_SELF = YES;
				CLANG_WARN_OBJC_LITERAL_CONVERSION = YES;
				CLANG_WARN_OBJC_ROOT_CLASS = YES_ERROR;
				CLANG_WARN_QUOTED_INCLUDE_IN_FRAMEWORK_HEADER = YES;
				CLANG_WARN_RANGE_LOOP_ANALYSIS = YES;
				CLANG_WARN_STRICT_PROTOTYPES = YES;
				CLANG_WARN_SUSPICIOUS_MOVE = YES;
				CLANG_WARN_UNGUARDED_AVAILABILITY = YES_AGGRESSIVE;
				CLANG_WARN_UNREACHABLE_CODE = YES;
				CLANG_WARN__DUPLICATE_METHOD_MATCH = YES;
				COPY_PHASE_STRIP = NO;
				DEBUG_INFORMATION_FORMAT = dwarf;
				ENABLE_STRICT_OBJC_MSGSEND = YES;
				ENABLE_TESTABILITY = YES;
				GCC_C_LANGUAGE_STANDARD = gnu11;
				GCC_DYNAMIC_NO_PIC = NO;
				GCC_NO_COMMON_BLOCKS = YES;
				GCC_OPTIMIZATION_LEVEL = 0;
				GCC_PREPROCESSOR_DEFINITIONS = (
					"DEBUG=1",
					"$(inherited)",
				);
				GCC_WARN_64_TO_32_BIT_CONVERSION = YES;
				GCC_WARN_ABOUT_RETURN_TYPE = YES_ERROR;
				GCC_WARN_UNDECLARED_SELECTOR = YES;
				GCC_WARN_UNINITIALIZED_AUTOS = YES_AGGRESSIVE;
				GCC_WARN_UNUSED_FUNCTION = YES;
				GCC_WARN_UNUSED_VARIABLE = YES;
				IPHONEOS_DEPLOYMENT_TARGET = 16.2;
				MTL_ENABLE_DEBUG_INFO = INCLUDE_SOURCE;
				MTL_FAST_MATH = YES;
				ONLY_ACTIVE_ARCH = YES;
				SDKROOT = iphoneos;
				SWIFT_ACTIVE_COMPILATION_CONDITIONS = DEBUG;
				SWIFT_OPTIMIZATION_LEVEL = "-Onone";
			};
			name = Debug;
		};
		047D155B2A44793700AF4FFF /* Release */ = {
			isa = XCBuildConfiguration;
			buildSettings = {
				ALWAYS_SEARCH_USER_PATHS = NO;
				CLANG_ANALYZER_NONNULL = YES;
				CLANG_ANALYZER_NUMBER_OBJECT_CONVERSION = YES_AGGRESSIVE;
				CLANG_CXX_LANGUAGE_STANDARD = "gnu++20";
				CLANG_ENABLE_MODULES = YES;
				CLANG_ENABLE_OBJC_ARC = YES;
				CLANG_ENABLE_OBJC_WEAK = YES;
				CLANG_WARN_BLOCK_CAPTURE_AUTORELEASING = YES;
				CLANG_WARN_BOOL_CONVERSION = YES;
				CLANG_WARN_COMMA = YES;
				CLANG_WARN_CONSTANT_CONVERSION = YES;
				CLANG_WARN_DEPRECATED_OBJC_IMPLEMENTATIONS = YES;
				CLANG_WARN_DIRECT_OBJC_ISA_USAGE = YES_ERROR;
				CLANG_WARN_DOCUMENTATION_COMMENTS = YES;
				CLANG_WARN_EMPTY_BODY = YES;
				CLANG_WARN_ENUM_CONVERSION = YES;
				CLANG_WARN_INFINITE_RECURSION = YES;
				CLANG_WARN_INT_CONVERSION = YES;
				CLANG_WARN_NON_LITERAL_NULL_CONVERSION = YES;
				CLANG_WARN_OBJC_IMPLICIT_RETAIN_SELF = YES;
				CLANG_WARN_OBJC_LITERAL_CONVERSION = YES;
				CLANG_WARN_OBJC_ROOT_CLASS = YES_ERROR;
				CLANG_WARN_QUOTED_INCLUDE_IN_FRAMEWORK_HEADER = YES;
				CLANG_WARN_RANGE_LOOP_ANALYSIS = YES;
				CLANG_WARN_STRICT_PROTOTYPES = YES;
				CLANG_WARN_SUSPICIOUS_MOVE = YES;
				CLANG_WARN_UNGUARDED_AVAILABILITY = YES_AGGRESSIVE;
				CLANG_WARN_UNREACHABLE_CODE = YES;
				CLANG_WARN__DUPLICATE_METHOD_MATCH = YES;
				COPY_PHASE_STRIP = NO;
				DEBUG_INFORMATION_FORMAT = "dwarf-with-dsym";
				ENABLE_NS_ASSERTIONS = NO;
				ENABLE_STRICT_OBJC_MSGSEND = YES;
				GCC_C_LANGUAGE_STANDARD = gnu11;
				GCC_NO_COMMON_BLOCKS = YES;
				GCC_WARN_64_TO_32_BIT_CONVERSION = YES;
				GCC_WARN_ABOUT_RETURN_TYPE = YES_ERROR;
				GCC_WARN_UNDECLARED_SELECTOR = YES;
				GCC_WARN_UNINITIALIZED_AUTOS = YES_AGGRESSIVE;
				GCC_WARN_UNUSED_FUNCTION = YES;
				GCC_WARN_UNUSED_VARIABLE = YES;
				IPHONEOS_DEPLOYMENT_TARGET = 16.2;
				MTL_ENABLE_DEBUG_INFO = NO;
				MTL_FAST_MATH = YES;
				SDKROOT = iphoneos;
				SWIFT_COMPILATION_MODE = wholemodule;
				SWIFT_OPTIMIZATION_LEVEL = "-O";
				VALIDATE_PRODUCT = YES;
			};
			name = Release;
		};
		047D155D2A44793700AF4FFF /* Debug */ = {
			isa = XCBuildConfiguration;
			buildSettings = {
				ASSETCATALOG_COMPILER_APPICON_NAME = AppIcon;
				ASSETCATALOG_COMPILER_GLOBAL_ACCENT_COLOR_NAME = AccentColor;
				CODE_SIGN_STYLE = Automatic;
				CURRENT_PROJECT_VERSION = 1;
				DEVELOPMENT_TEAM = HD5QFP6NH3;
				GENERATE_INFOPLIST_FILE = YES;
				INFOPLIST_FILE = PizzaApp/Info.plist;
				INFOPLIST_KEY_UIApplicationSupportsIndirectInputEvents = YES;
				INFOPLIST_KEY_UILaunchStoryboardName = LaunchScreen;
				INFOPLIST_KEY_UISupportedInterfaceOrientations_iPad = "UIInterfaceOrientationPortrait UIInterfaceOrientationPortraitUpsideDown UIInterfaceOrientationLandscapeLeft UIInterfaceOrientationLandscapeRight";
				INFOPLIST_KEY_UISupportedInterfaceOrientations_iPhone = "UIInterfaceOrientationPortrait UIInterfaceOrientationLandscapeLeft UIInterfaceOrientationLandscapeRight";
				IPHONEOS_DEPLOYMENT_TARGET = 14.0;
				LD_RUNPATH_SEARCH_PATHS = (
					"$(inherited)",
					"@executable_path/Frameworks",
				);
				MARKETING_VERSION = 1.0;
				PRODUCT_BUNDLE_IDENTIFIER = abdusalom.PizzaApp;
				PRODUCT_NAME = "$(TARGET_NAME)";
				SUPPORTED_PLATFORMS = "iphoneos iphonesimulator";
				SUPPORTS_MACCATALYST = NO;
				SUPPORTS_MAC_DESIGNED_FOR_IPHONE_IPAD = NO;
				SWIFT_EMIT_LOC_STRINGS = YES;
				SWIFT_VERSION = 5.0;
				TARGETED_DEVICE_FAMILY = "1,2";
			};
			name = Debug;
		};
		047D155E2A44793700AF4FFF /* Release */ = {
			isa = XCBuildConfiguration;
			buildSettings = {
				ASSETCATALOG_COMPILER_APPICON_NAME = AppIcon;
				ASSETCATALOG_COMPILER_GLOBAL_ACCENT_COLOR_NAME = AccentColor;
				CODE_SIGN_STYLE = Automatic;
				CURRENT_PROJECT_VERSION = 1;
				DEVELOPMENT_TEAM = HD5QFP6NH3;
				GENERATE_INFOPLIST_FILE = YES;
				INFOPLIST_FILE = PizzaApp/Info.plist;
				INFOPLIST_KEY_UIApplicationSupportsIndirectInputEvents = YES;
				INFOPLIST_KEY_UILaunchStoryboardName = LaunchScreen;
				INFOPLIST_KEY_UISupportedInterfaceOrientations_iPad = "UIInterfaceOrientationPortrait UIInterfaceOrientationPortraitUpsideDown UIInterfaceOrientationLandscapeLeft UIInterfaceOrientationLandscapeRight";
				INFOPLIST_KEY_UISupportedInterfaceOrientations_iPhone = "UIInterfaceOrientationPortrait UIInterfaceOrientationLandscapeLeft UIInterfaceOrientationLandscapeRight";
				IPHONEOS_DEPLOYMENT_TARGET = 14.0;
				LD_RUNPATH_SEARCH_PATHS = (
					"$(inherited)",
					"@executable_path/Frameworks",
				);
				MARKETING_VERSION = 1.0;
				PRODUCT_BUNDLE_IDENTIFIER = abdusalom.PizzaApp;
				PRODUCT_NAME = "$(TARGET_NAME)";
				SUPPORTED_PLATFORMS = "iphoneos iphonesimulator";
				SUPPORTS_MACCATALYST = NO;
				SUPPORTS_MAC_DESIGNED_FOR_IPHONE_IPAD = NO;
				SWIFT_EMIT_LOC_STRINGS = YES;
				SWIFT_VERSION = 5.0;
				TARGETED_DEVICE_FAMILY = "1,2";
			};
			name = Release;
		};
/* End XCBuildConfiguration section */

/* Begin XCConfigurationList section */
		047D15432A44793400AF4FFF /* Build configuration list for PBXProject "PizzaApp" */ = {
			isa = XCConfigurationList;
			buildConfigurations = (
				047D155A2A44793700AF4FFF /* Debug */,
				047D155B2A44793700AF4FFF /* Release */,
			);
			defaultConfigurationIsVisible = 0;
			defaultConfigurationName = Release;
		};
		047D155C2A44793700AF4FFF /* Build configuration list for PBXNativeTarget "PizzaApp" */ = {
			isa = XCConfigurationList;
			buildConfigurations = (
				047D155D2A44793700AF4FFF /* Debug */,
				047D155E2A44793700AF4FFF /* Release */,
			);
			defaultConfigurationIsVisible = 0;
			defaultConfigurationName = Release;
		};
/* End XCConfigurationList section */
	};
	rootObject = 047D15402A44793400AF4FFF /* Project object */;
}
